
Microsoft Visual Studio Solution File, Format Version 12.00
# Visual Studio Version 17
VisualStudioVersion = 17.8.34330.188
MinimumVisualStudioVersion = 10.0.40219.1
Project("{9A19103F-16F7-4668-BE54-9A1E7A4F7556}") = "BashfulBuckets", "BashfulBuckets\BashfulBuckets.csproj", "{D3036056-938A-41B1-97BD-74A49C1BB068}"
EndProject
Global
	GlobalSection(SolutionConfigurationPlatforms) = preSolution
		Debug|Any CPU = Debug|Any CPU
		Release|Any CPU = Release|Any CPU
	EndGlobalSection
	GlobalSection(ProjectConfigurationPlatforms) = postSolution
		{D3036056-938A-41B1-97BD-74A49C1BB068}.Debug|Any CPU.ActiveCfg = Debug|Any CPU
		{D3036056-938A-41B1-97BD-74A49C1BB068}.Debug|Any CPU.Build.0 = Debug|Any CPU
		{D3036056-938A-41B1-97BD-74A49C1BB068}.Release|Any CPU.ActiveCfg = Release|Any CPU
		{D3036056-938A-41B1-97BD-74A49C1BB068}.Release|Any CPU.Build.0 = Release|Any CPU
	EndGlobalSection
	GlobalSection(SolutionProperties) = preSolution
		HideSolutionNode = FALSE
	EndGlobalSection
	GlobalSection(ExtensibilityGlobals) = postSolution
		SolutionGuid = {87142C13-8441-4F4D-B041-00D94FD198A8}
	EndGlobalSection
EndGlobal
